// !$*UTF8*$!
{
	archiveVersion = 1;
	classes = {
	};
	objectVersion = 56;
	objects = {

/* Begin PBXBuildFile section */
		999E3E4129704C3300740CAE /* Classroom_StarterApp.swift in Sources */ = {isa = PBXBuildFile; fileRef = 999E3E4029704C3300740CAE /* Classroom_StarterApp.swift */; };
		999E3E4329704C3300740CAE /* ContentView.swift in Sources */ = {isa = PBXBuildFile; fileRef = 999E3E4229704C3300740CAE /* ContentView.swift */; };
		999E3E4529704C3400740CAE /* Assets.xcassets in Resources */ = {isa = PBXBuildFile; fileRef = 999E3E4429704C3400740CAE /* Assets.xcassets */; };
		999E3E4829704C3400740CAE /* Preview Assets.xcassets in Resources */ = {isa = PBXBuildFile; fileRef = 999E3E4729704C3400740CAE /* Preview Assets.xcassets */; };
		999E3E5229704C7E00740CAE /* Learner.swift in Sources */ = {isa = PBXBuildFile; fileRef = 999E3E5129704C7E00740CAE /* Learner.swift */; };
		999E3E5429704CC300740CAE /* LearnerViewModel.swift in Sources */ = {isa = PBXBuildFile; fileRef = 999E3E5329704CC300740CAE /* LearnerViewModel.swift */; };
/* End PBXBuildFile section */

/* Begin PBXFileReference section */
		999E3E3D29704C3300740CAE /* Classroom-Starter.app */ = {isa = PBXFileReference; explicitFileType = wrapper.application; includeInIndex = 0; path = "Classroom-Starter.app"; sourceTree = BUILT_PRODUCTS_DIR; };
		999E3E4029704C3300740CAE /* Classroom_StarterApp.swift */ = {isa = PBXFileReference; lastKnownFileType = sourcecode.swift; path = Classroom_StarterApp.swift; sourceTree = "<group>"; };
		999E3E4229704C3300740CAE /* ContentView.swift */ = {isa = PBXFileReference; lastKnownFileType = sourcecode.swift; path = ContentView.swift; sourceTree = "<group>"; };
		999E3E4429704C3400740CAE /* Assets.xcassets */ = {isa = PBXFileReference; lastKnownFileType = folder.assetcatalog; path = Assets.xcassets; sourceTree = "<group>"; };
		999E3E4729704C3400740CAE /* Preview Assets.xcassets */ = {isa = PBXFileReference; lastKnownFileType = folder.assetcatalog; path = "Preview Assets.xcassets"; sourceTree = "<group>"; };
		999E3E5129704C7E00740CAE /* Learner.swift */ = {isa = PBXFileReference; lastKnownFileType = sourcecode.swift; path = Learner.swift; sourceTree = "<group>"; };
		999E3E5329704CC300740CAE /* LearnerViewModel.swift */ = {isa = PBXFileReference; lastKnownFileType = sourcecode.swift; path = LearnerViewModel.swift; sourceTree = "<group>"; };
		999E3E55297050B300740CAE /* Info.plist */ = {isa = PBXFileReference; lastKnownFileType = text.plist; path = Info.plist; sourceTree = "<group>"; };
/* End PBXFileReference section */

/* Begin PBXFrameworksBuildPhase section */
		999E3E3A29704C3300740CAE /* Frameworks */ = {
			isa = PBXFrameworksBuildPhase;
			buildActionMask = 2147483647;
			files = (
			);
			runOnlyForDeploymentPostprocessing = 0;
		};
/* End PBXFrameworksBuildPhase section */

/* Begin PBXGroup section */
		999E3E3429704C3300740CAE = {
			isa = PBXGroup;
			children = (
				999E3E3F29704C3300740CAE /* Classroom-Starter */,
				999E3E3E29704C3300740CAE /* Products */,
			);
			sourceTree = "<group>";
		};
		999E3E3E29704C3300740CAE /* Products */ = {
			isa = PBXGroup;
			children = (
				999E3E3D29704C3300740CAE /* Classroom-Starter.app */,
			);
			name = Products;
			sourceTree = "<group>";
		};
		999E3E3F29704C3300740CAE /* Classroom-Starter */ = {
			isa = PBXGroup;
			children = (
				999E3E55297050B300740CAE /* Info.plist */,
				999E3E4029704C3300740CAE /* Classroom_StarterApp.swift */,
				999E3E5029704C5A00740CAE /* Models */,
				999E3E4F29704C5200740CAE /* ViewModels */,
				999E3E4E29704C4900740CAE /* Views */,
				999E3E4429704C3400740CAE /* Assets.xcassets */,
				999E3E4629704C3400740CAE /* Preview Content */,
			);
			path = "Classroom-Starter";
			sourceTree = "<group>";
		};
		999E3E4629704C3400740CAE /* Preview Content */ = {
			isa = PBXGroup;
			children = (
				999E3E4729704C3400740CAE /* Preview Assets.xcassets */,
			);
			path = "Preview Content";
			sourceTree = "<group>";
		};
		999E3E4E29704C4900740CAE /* Views */ = {
			isa = PBXGroup;
			children = (
				999E3E4229704C3300740CAE /* ContentView.swift */,
			);
			path = Views;
			sourceTree = "<group>";
		};
		999E3E4F29704C5200740CAE /* ViewModels */ = {
			isa = PBXGroup;
			children = (
				999E3E5329704CC300740CAE /* LearnerViewModel.swift */,
			);
			path = ViewModels;
			sourceTree = "<group>";
		};
		999E3E5029704C5A00740CAE /* Models */ = {
			isa = PBXGroup;
			children = (
				999E3E5129704C7E00740CAE /* Learner.swift */,
			);
			path = Models;
			sourceTree = "<group>";
		};
/* End PBXGroup section */

/* Begin PBXNativeTarget section */
		999E3E3C29704C3300740CAE /* Classroom-Starter */ = {
			isa = PBXNativeTarget;
			buildConfigurationList = 999E3E4B29704C3400740CAE /* Build configuration list for PBXNativeTarget "Classroom-Starter" */;
			buildPhases = (
				999E3E3929704C3300740CAE /* Sources */,
				999E3E3A29704C3300740CAE /* Frameworks */,
				999E3E3B29704C3300740CAE /* Resources */,
			);
			buildRules = (
			);
			dependencies = (
			);
			name = "Classroom-Starter";
			productName = "Classroom-Starter";
			productReference = 999E3E3D29704C3300740CAE /* Classroom-Starter.app */;
			productType = "com.apple.product-type.application";
		};
/* End PBXNativeTarget section */

/* Begin PBXProject section */
		999E3E3529704C3300740CAE /* Project object */ = {
			isa = PBXProject;
			attributes = {
				BuildIndependentTargetsInParallel = 1;
				LastSwiftUpdateCheck = 1410;
				LastUpgradeCheck = 1410;
				TargetAttributes = {
					999E3E3C29704C3300740CAE = {
						CreatedOnToolsVersion = 14.1;
					};
				};
			};
			buildConfigurationList = 999E3E3829704C3300740CAE /* Build configuration list for PBXProject "Classroom-Starter" */;
			compatibilityVersion = "Xcode 14.0";
			developmentRegion = en;
			hasScannedForEncodings = 0;
			knownRegions = (
				en,
				Base,
			);
			mainGroup = 999E3E3429704C3300740CAE;
			productRefGroup = 999E3E3E29704C3300740CAE /* Products */;
			projectDirPath = "";
			projectRoot = "";
			targets = (
				999E3E3C29704C3300740CAE /* Classroom-Starter */,
			);
		};
/* End PBXProject section */

/* Begin PBXResourcesBuildPhase section */
		999E3E3B29704C3300740CAE /* Resources */ = {
			isa = PBXResourcesBuildPhase;
			buildActionMask = 2147483647;
			files = (
				999E3E4829704C3400740CAE /* Preview Assets.xcassets in Resources */,
				999E3E4529704C3400740CAE /* Assets.xcassets in Resources */,
			);
			runOnlyForDeploymentPostprocessing = 0;
		};
/* End PBXResourcesBuildPhase section */

/* Begin PBXSourcesBuildPhase section */
		999E3E3929704C3300740CAE /* Sources */ = {
			isa = PBXSourcesBuildPhase;
			buildActionMask = 2147483647;
			files = (
				999E3E5229704C7E00740CAE /* Learner.swift in Sources */,
				999E3E4329704C3300740CAE /* ContentView.swift in Sources */,
				999E3E5429704CC300740CAE /* LearnerViewModel.swift in Sources */,
				999E3E4129704C3300740CAE /* Classroom_StarterApp.swift in Sources */,
			);
			runOnlyForDeploymentPostprocessing = 0;
		};
/* End PBXSourcesBuildPhase section */

/* Begin XCBuildConfiguration section */
		999E3E4929704C3400740CAE /* Debug */ = {
			isa = XCBuildConfiguration;
			buildSettings = {
				ALWAYS_SEARCH_USER_PATHS = NO;
				CLANG_ANALYZER_NONNULL = YES;
				CLANG_ANALYZER_NUMBER_OBJECT_CONVERSION = YES_AGGRESSIVE;
				CLANG_CXX_LANGUAGE_STANDARD = "gnu++20";
				CLANG_ENABLE_MODULES = YES;
				CLANG_ENABLE_OBJC_ARC = YES;
				CLANG_ENABLE_OBJC_WEAK = YES;
				CLANG_WARN_BLOCK_CAPTURE_AUTORELEASING = YES;
				CLANG_WARN_BOOL_CONVERSION = YES;
				CLANG_WARN_COMMA = YES;
				CLANG_WARN_CONSTANT_CONVERSION = YES;
				CLANG_WARN_DEPRECATED_OBJC_IMPLEMENTATIONS = YES;
				CLANG_WARN_DIRECT_OBJC_ISA_USAGE = YES_ERROR;
				CLANG_WARN_DOCUMENTATION_COMMENTS = YES;
				CLANG_WARN_EMPTY_BODY = YES;
				CLANG_WARN_ENUM_CONVERSION = YES;
				CLANG_WARN_INFINITE_RECURSION = YES;
				CLANG_WARN_INT_CONVERSION = YES;
				CLANG_WARN_NON_LITERAL_NULL_CONVERSION = YES;
				CLANG_WARN_OBJC_IMPLICIT_RETAIN_SELF = YES;
				CLANG_WARN_OBJC_LITERAL_CONVERSION = YES;
				CLANG_WARN_OBJC_ROOT_CLASS = YES_ERROR;
				CLANG_WARN_QUOTED_INCLUDE_IN_FRAMEWORK_HEADER = YES;
				CLANG_WARN_RANGE_LOOP_ANALYSIS = YES;
				CLANG_WARN_STRICT_PROTOTYPES = YES;
				CLANG_WARN_SUSPICIOUS_MOVE = YES;
				CLANG_WARN_UNGUARDED_AVAILABILITY = YES_AGGRESSIVE;
				CLANG_WARN_UNREACHABLE_CODE = YES;
				CLANG_WARN__DUPLICATE_METHOD_MATCH = YES;
				COPY_PHASE_STRIP = NO;
				DEBUG_INFORMATION_FORMAT = dwarf;
				ENABLE_STRICT_OBJC_MSGSEND = YES;
				ENABLE_TESTABILITY = YES;
				GCC_C_LANGUAGE_STANDARD = gnu11;
				GCC_DYNAMIC_NO_PIC = NO;
				GCC_NO_COMMON_BLOCKS = YES;
				GCC_OPTIMIZATION_LEVEL = 0;
				GCC_PREPROCESSOR_DEFINITIONS = (
					"DEBUG=1",
					"$(inherited)",
				);
				GCC_WARN_64_TO_32_BIT_CONVERSION = YES;
				GCC_WARN_ABOUT_RETURN_TYPE = YES_ERROR;
				GCC_WARN_UNDECLARED_SELECTOR = YES;
				GCC_WARN_UNINITIALIZED_AUTOS = YES_AGGRESSIVE;
				GCC_WARN_UNUSED_FUNCTION = YES;
				GCC_WARN_UNUSED_VARIABLE = YES;
				IPHONEOS_DEPLOYMENT_TARGET = 16.1;
				MTL_ENABLE_DEBUG_INFO = INCLUDE_SOURCE;
				MTL_FAST_MATH = YES;
				ONLY_ACTIVE_ARCH = YES;
				SDKROOT = iphoneos;
				SWIFT_ACTIVE_COMPILATION_CONDITIONS = DEBUG;
				SWIFT_OPTIMIZATION_LEVEL = "-Onone";
			};
			name = Debug;
		};
		999E3E4A29704C3400740CAE /* Release */ = {
			isa = XCBuildConfiguration;
			buildSettings = {
				ALWAYS_SEARCH_USER_PATHS = NO;
				CLANG_ANALYZER_NONNULL = YES;
				CLANG_ANALYZER_NUMBER_OBJECT_CONVERSION = YES_AGGRESSIVE;
				CLANG_CXX_LANGUAGE_STANDARD = "gnu++20";
				CLANG_ENABLE_MODULES = YES;
				CLANG_ENABLE_OBJC_ARC = YES;
				CLANG_ENABLE_OBJC_WEAK = YES;
				CLANG_WARN_BLOCK_CAPTURE_AUTORELEASING = YES;
				CLANG_WARN_BOOL_CONVERSION = YES;
				CLANG_WARN_COMMA = YES;
				CLANG_WARN_CONSTANT_CONVERSION = YES;
				CLANG_WARN_DEPRECATED_OBJC_IMPLEMENTATIONS = YES;
				CLANG_WARN_DIRECT_OBJC_ISA_USAGE = YES_ERROR;
				CLANG_WARN_DOCUMENTATION_COMMENTS = YES;
				CLANG_WARN_EMPTY_BODY = YES;
				CLANG_WARN_ENUM_CONVERSION = YES;
				CLANG_WARN_INFINITE_RECURSION = YES;
				CLANG_WARN_INT_CONVERSION = YES;
				CLANG_WARN_NON_LITERAL_NULL_CONVERSION = YES;
				CLANG_WARN_OBJC_IMPLICIT_RETAIN_SELF = YES;
				CLANG_WARN_OBJC_LITERAL_CONVERSION = YES;
				CLANG_WARN_OBJC_ROOT_CLASS = YES_ERROR;
				CLANG_WARN_QUOTED_INCLUDE_IN_FRAMEWORK_HEADER = YES;
				CLANG_WARN_RANGE_LOOP_ANALYSIS = YES;
				CLANG_WARN_STRICT_PROTOTYPES = YES;
				CLANG_WARN_SUSPICIOUS_MOVE = YES;
				CLANG_WARN_UNGUARDED_AVAILABILITY = YES_AGGRESSIVE;
				CLANG_WARN_UNREACHABLE_CODE = YES;
				CLANG_WARN__DUPLICATE_METHOD_MATCH = YES;
				COPY_PHASE_STRIP = NO;
				DEBUG_INFORMATION_FORMAT = "dwarf-with-dsym";
				ENABLE_NS_ASSERTIONS = NO;
				ENABLE_STRICT_OBJC_MSGSEND = YES;
				GCC_C_LANGUAGE_STANDARD = gnu11;
				GCC_NO_COMMON_BLOCKS = YES;
				GCC_WARN_64_TO_32_BIT_CONVERSION = YES;
				GCC_WARN_ABOUT_RETURN_TYPE = YES_ERROR;
				GCC_WARN_UNDECLARED_SELECTOR = YES;
				GCC_WARN_UNINITIALIZED_AUTOS = YES_AGGRESSIVE;
				GCC_WARN_UNUSED_FUNCTION = YES;
				GCC_WARN_UNUSED_VARIABLE = YES;
				IPHONEOS_DEPLOYMENT_TARGET = 16.1;
				MTL_ENABLE_DEBUG_INFO = NO;
				MTL_FAST_MATH = YES;
				SDKROOT = iphoneos;
				SWIFT_COMPILATION_MODE = wholemodule;
				SWIFT_OPTIMIZATION_LEVEL = "-O";
				VALIDATE_PRODUCT = YES;
			};
			name = Release;
		};
		999E3E4C29704C3400740CAE /* Debug */ = {
			isa = XCBuildConfiguration;
			buildSettings = {
				ASSETCATALOG_COMPILER_APPICON_NAME = AppIcon;
				ASSETCATALOG_COMPILER_GLOBAL_ACCENT_COLOR_NAME = AccentColor;
				CODE_SIGN_STYLE = Automatic;
				CURRENT_PROJECT_VERSION = 1;
				DEVELOPMENT_ASSET_PATHS = "\"Classroom-Starter/Preview Content\"";
				DEVELOPMENT_TEAM = 5QJLL8HM6C;
				ENABLE_PREVIEWS = YES;
				GENERATE_INFOPLIST_FILE = YES;
				INFOPLIST_FILE = "Classroom-Starter/Info.plist";
				INFOPLIST_KEY_UIApplicationSceneManifest_Generation = YES;
				INFOPLIST_KEY_UIApplicationSupportsIndirectInputEvents = YES;
				INFOPLIST_KEY_UILaunchScreen_Generation = YES;
				INFOPLIST_KEY_UISupportedInterfaceOrientations_iPad = "UIInterfaceOrientationPortrait UIInterfaceOrientationPortraitUpsideDown UIInterfaceOrientationLandscapeLeft UIInterfaceOrientationLandscapeRight";
				INFOPLIST_KEY_UISupportedInterfaceOrientations_iPhone = "UIInterfaceOrientationPortrait UIInterfaceOrientationLandscapeLeft UIInterfaceOrientationLandscapeRight";
				LD_RUNPATH_SEARCH_PATHS = (
					"$(inherited)",
					"@executable_path/Frameworks",
				);
				MARKETING_VERSION = 1.0;
				PRODUCT_BUNDLE_IDENTIFIER = "com.imaginaryinstitute.Classroom-Starter";
				PRODUCT_NAME = "$(TARGET_NAME)";
				SWIFT_EMIT_LOC_STRINGS = YES;
				SWIFT_VERSION = 5.0;
				TARGETED_DEVICE_FAMILY = "1,2";
			};
			name = Debug;
		};
		999E3E4D29704C3400740CAE /* Release */ = {
			isa = XCBuildConfiguration;
			buildSettings = {
				ASSETCATALOG_COMPILER_APPICON_NAME = AppIcon;
				ASSETCATALOG_COMPILER_GLOBAL_ACCENT_COLOR_NAME = AccentColor;
				CODE_SIGN_STYLE = Automatic;
				CURRENT_PROJECT_VERSION = 1;
				DEVELOPMENT_ASSET_PATHS = "\"Classroom-Starter/Preview Content\"";
				DEVELOPMENT_TEAM = 5QJLL8HM6C;
				ENABLE_PREVIEWS = YES;
				GENERATE_INFOPLIST_FILE = YES;
				INFOPLIST_FILE = "Classroom-Starter/Info.plist";
				INFOPLIST_KEY_UIApplicationSceneManifest_Generation = YES;
				INFOPLIST_KEY_UIApplicationSupportsIndirectInputEvents = YES;
				INFOPLIST_KEY_UILaunchScreen_Generation = YES;
				INFOPLIST_KEY_UISupportedInterfaceOrientations_iPad = "UIInterfaceOrientationPortrait UIInterfaceOrientationPortraitUpsideDown UIInterfaceOrientationLandscapeLeft UIInterfaceOrientationLandscapeRight";
				INFOPLIST_KEY_UISupportedInterfaceOrientations_iPhone = "UIInterfaceOrientationPortrait UIInterfaceOrientationLandscapeLeft UIInterfaceOrientationLandscapeRight";
				LD_RUNPATH_SEARCH_PATHS = (
					"$(inherited)",
					"@executable_path/Frameworks",
				);
				MARKETING_VERSION = 1.0;
				PRODUCT_BUNDLE_IDENTIFIER = "com.imaginaryinstitute.Classroom-Starter";
				PRODUCT_NAME = "$(TARGET_NAME)";
				SWIFT_EMIT_LOC_STRINGS = YES;
				SWIFT_VERSION = 5.0;
				TARGETED_DEVICE_FAMILY = "1,2";
			};
			name = Release;
		};
/* End XCBuildConfiguration section */

/* Begin XCConfigurationList section */
		999E3E3829704C3300740CAE /* Build configuration list for PBXProject "Classroom-Starter" */ = {
			isa = XCConfigurationList;
			buildConfigurations = (
				999E3E4929704C3400740CAE /* Debug */,
				999E3E4A29704C3400740CAE /* Release */,
			);
			defaultConfigurationIsVisible = 0;
			defaultConfigurationName = Release;
		};
		999E3E4B29704C3400740CAE /* Build configuration list for PBXNativeTarget "Classroom-Starter" */ = {
			isa = XCConfigurationList;
			buildConfigurations = (
				999E3E4C29704C3400740CAE /* Debug */,
				999E3E4D29704C3400740CAE /* Release */,
			);
			defaultConfigurationIsVisible = 0;
			defaultConfigurationName = Release;
		};
/* End XCConfigurationList section */
	};
	rootObject = 999E3E3529704C3300740CAE /* Project object */;
}
